// !$*UTF8*$!
{
	archiveVersion = 1;
	classes = {
	};
	objectVersion = 50;
	objects = {

/* Begin PBXBuildFile section */
		884D3E0A278B7BED008E1FAE /* AppDelegate.swift in Sources */ = {isa = PBXBuildFile; fileRef = 884D3E09278B7BED008E1FAE /* AppDelegate.swift */; };
		884D3E0C278B7BED008E1FAE /* ViewController.swift in Sources */ = {isa = PBXBuildFile; fileRef = 884D3E0B278B7BED008E1FAE /* ViewController.swift */; };
		884D3E0F278B7BED008E1FAE /* Main.storyboard in Resources */ = {isa = PBXBuildFile; fileRef = 884D3E0D278B7BED008E1FAE /* Main.storyboard */; };
		884D3E11278B7BEF008E1FAE /* Assets.xcassets in Resources */ = {isa = PBXBuildFile; fileRef = 884D3E10278B7BEF008E1FAE /* Assets.xcassets */; };
		884D3E14278B7BEF008E1FAE /* LaunchScreen.storyboard in Resources */ = {isa = PBXBuildFile; fileRef = 884D3E12278B7BEF008E1FAE /* LaunchScreen.storyboard */; };
		884D3E1F278B7BEF008E1FAE /* eggplant_brownieTests.swift in Sources */ = {isa = PBXBuildFile; fileRef = 884D3E1E278B7BEF008E1FAE /* eggplant_brownieTests.swift */; };
		884D3E2A278B7BEF008E1FAE /* eggplant_brownieUITests.swift in Sources */ = {isa = PBXBuildFile; fileRef = 884D3E29278B7BEF008E1FAE /* eggplant_brownieUITests.swift */; };
/* End PBXBuildFile section */

/* Begin PBXContainerItemProxy section */
		884D3E1B278B7BEF008E1FAE /* PBXContainerItemProxy */ = {
			isa = PBXContainerItemProxy;
			containerPortal = 884D3DFE278B7BED008E1FAE /* Project object */;
			proxyType = 1;
			remoteGlobalIDString = 884D3E05278B7BED008E1FAE;
			remoteInfo = "eggplant-brownie";
		};
		884D3E26278B7BEF008E1FAE /* PBXContainerItemProxy */ = {
			isa = PBXContainerItemProxy;
			containerPortal = 884D3DFE278B7BED008E1FAE /* Project object */;
			proxyType = 1;
			remoteGlobalIDString = 884D3E05278B7BED008E1FAE;
			remoteInfo = "eggplant-brownie";
		};
/* End PBXContainerItemProxy section */

/* Begin PBXFileReference section */
		884D3E06278B7BED008E1FAE /* eggplant-brownie.app */ = {isa = PBXFileReference; explicitFileType = wrapper.application; includeInIndex = 0; path = "eggplant-brownie.app"; sourceTree = BUILT_PRODUCTS_DIR; };
		884D3E09278B7BED008E1FAE /* AppDelegate.swift */ = {isa = PBXFileReference; lastKnownFileType = sourcecode.swift; path = AppDelegate.swift; sourceTree = "<group>"; };
		884D3E0B278B7BED008E1FAE /* ViewController.swift */ = {isa = PBXFileReference; lastKnownFileType = sourcecode.swift; path = ViewController.swift; sourceTree = "<group>"; };
		884D3E0E278B7BED008E1FAE /* Base */ = {isa = PBXFileReference; lastKnownFileType = file.storyboard; name = Base; path = Base.lproj/Main.storyboard; sourceTree = "<group>"; };
		884D3E10278B7BEF008E1FAE /* Assets.xcassets */ = {isa = PBXFileReference; lastKnownFileType = folder.assetcatalog; path = Assets.xcassets; sourceTree = "<group>"; };
		884D3E13278B7BEF008E1FAE /* Base */ = {isa = PBXFileReference; lastKnownFileType = file.storyboard; name = Base; path = Base.lproj/LaunchScreen.storyboard; sourceTree = "<group>"; };
		884D3E15278B7BEF008E1FAE /* Info.plist */ = {isa = PBXFileReference; lastKnownFileType = text.plist.xml; path = Info.plist; sourceTree = "<group>"; };
		884D3E1A278B7BEF008E1FAE /* eggplant-brownieTests.xctest */ = {isa = PBXFileReference; explicitFileType = wrapper.cfbundle; includeInIndex = 0; path = "eggplant-brownieTests.xctest"; sourceTree = BUILT_PRODUCTS_DIR; };
		884D3E1E278B7BEF008E1FAE /* eggplant_brownieTests.swift */ = {isa = PBXFileReference; lastKnownFileType = sourcecode.swift; path = eggplant_brownieTests.swift; sourceTree = "<group>"; };
		884D3E20278B7BEF008E1FAE /* Info.plist */ = {isa = PBXFileReference; lastKnownFileType = text.plist.xml; path = Info.plist; sourceTree = "<group>"; };
		884D3E25278B7BEF008E1FAE /* eggplant-brownieUITests.xctest */ = {isa = PBXFileReference; explicitFileType = wrapper.cfbundle; includeInIndex = 0; path = "eggplant-brownieUITests.xctest"; sourceTree = BUILT_PRODUCTS_DIR; };
		884D3E29278B7BEF008E1FAE /* eggplant_brownieUITests.swift */ = {isa = PBXFileReference; lastKnownFileType = sourcecode.swift; path = eggplant_brownieUITests.swift; sourceTree = "<group>"; };
		884D3E2B278B7BEF008E1FAE /* Info.plist */ = {isa = PBXFileReference; lastKnownFileType = text.plist.xml; path = Info.plist; sourceTree = "<group>"; };
		884D3E37278B8E7F008E1FAE /* MyPlayground.playground */ = {isa = PBXFileReference; lastKnownFileType = file.playground; path = MyPlayground.playground; sourceTree = "<group>"; xcLanguageSpecificationIdentifier = xcode.lang.swift; };
/* End PBXFileReference section */

/* Begin PBXFrameworksBuildPhase section */
		884D3E03278B7BED008E1FAE /* Frameworks */ = {
			isa = PBXFrameworksBuildPhase;
			buildActionMask = 2147483647;
			files = (
			);
			runOnlyForDeploymentPostprocessing = 0;
		};
		884D3E17278B7BEF008E1FAE /* Frameworks */ = {
			isa = PBXFrameworksBuildPhase;
			buildActionMask = 2147483647;
			files = (
			);
			runOnlyForDeploymentPostprocessing = 0;
		};
		884D3E22278B7BEF008E1FAE /* Frameworks */ = {
			isa = PBXFrameworksBuildPhase;
			buildActionMask = 2147483647;
			files = (
			);
			runOnlyForDeploymentPostprocessing = 0;
		};
/* End PBXFrameworksBuildPhase section */

/* Begin PBXGroup section */
		884D3DFD278B7BED008E1FAE = {
			isa = PBXGroup;
			children = (
				884D3E08278B7BED008E1FAE /* eggplant-brownie */,
				884D3E1D278B7BEF008E1FAE /* eggplant-brownieTests */,
				884D3E28278B7BEF008E1FAE /* eggplant-brownieUITests */,
				884D3E07278B7BED008E1FAE /* Products */,
			);
			sourceTree = "<group>";
		};
		884D3E07278B7BED008E1FAE /* Products */ = {
			isa = PBXGroup;
			children = (
				884D3E06278B7BED008E1FAE /* eggplant-brownie.app */,
				884D3E1A278B7BEF008E1FAE /* eggplant-brownieTests.xctest */,
				884D3E25278B7BEF008E1FAE /* eggplant-brownieUITests.xctest */,
			);
			name = Products;
			sourceTree = "<group>";
		};
		884D3E08278B7BED008E1FAE /* eggplant-brownie */ = {
			isa = PBXGroup;
			children = (
				884D3E09278B7BED008E1FAE /* AppDelegate.swift */,
				884D3E0B278B7BED008E1FAE /* ViewController.swift */,
				884D3E0D278B7BED008E1FAE /* Main.storyboard */,
				884D3E10278B7BEF008E1FAE /* Assets.xcassets */,
				884D3E37278B8E7F008E1FAE /* MyPlayground.playground */,
				884D3E12278B7BEF008E1FAE /* LaunchScreen.storyboard */,
				884D3E15278B7BEF008E1FAE /* Info.plist */,
			);
			path = "eggplant-brownie";
			sourceTree = "<group>";
		};
		884D3E1D278B7BEF008E1FAE /* eggplant-brownieTests */ = {
			isa = PBXGroup;
			children = (
				884D3E1E278B7BEF008E1FAE /* eggplant_brownieTests.swift */,
				884D3E20278B7BEF008E1FAE /* Info.plist */,
			);
			path = "eggplant-brownieTests";
			sourceTree = "<group>";
		};
		884D3E28278B7BEF008E1FAE /* eggplant-brownieUITests */ = {
			isa = PBXGroup;
			children = (
				884D3E29278B7BEF008E1FAE /* eggplant_brownieUITests.swift */,
				884D3E2B278B7BEF008E1FAE /* Info.plist */,
			);
			path = "eggplant-brownieUITests";
			sourceTree = "<group>";
		};
/* End PBXGroup section */

/* Begin PBXNativeTarget section */
		884D3E05278B7BED008E1FAE /* eggplant-brownie */ = {
			isa = PBXNativeTarget;
			buildConfigurationList = 884D3E2E278B7BEF008E1FAE /* Build configuration list for PBXNativeTarget "eggplant-brownie" */;
			buildPhases = (
				884D3E02278B7BED008E1FAE /* Sources */,
				884D3E03278B7BED008E1FAE /* Frameworks */,
				884D3E04278B7BED008E1FAE /* Resources */,
			);
			buildRules = (
			);
			dependencies = (
			);
			name = "eggplant-brownie";
			productName = "eggplant-brownie";
			productReference = 884D3E06278B7BED008E1FAE /* eggplant-brownie.app */;
			productType = "com.apple.product-type.application";
		};
		884D3E19278B7BEF008E1FAE /* eggplant-brownieTests */ = {
			isa = PBXNativeTarget;
			buildConfigurationList = 884D3E31278B7BEF008E1FAE /* Build configuration list for PBXNativeTarget "eggplant-brownieTests" */;
			buildPhases = (
				884D3E16278B7BEF008E1FAE /* Sources */,
				884D3E17278B7BEF008E1FAE /* Frameworks */,
				884D3E18278B7BEF008E1FAE /* Resources */,
			);
			buildRules = (
			);
			dependencies = (
				884D3E1C278B7BEF008E1FAE /* PBXTargetDependency */,
			);
			name = "eggplant-brownieTests";
			productName = "eggplant-brownieTests";
			productReference = 884D3E1A278B7BEF008E1FAE /* eggplant-brownieTests.xctest */;
			productType = "com.apple.product-type.bundle.unit-test";
		};
		884D3E24278B7BEF008E1FAE /* eggplant-brownieUITests */ = {
			isa = PBXNativeTarget;
			buildConfigurationList = 884D3E34278B7BEF008E1FAE /* Build configuration list for PBXNativeTarget "eggplant-brownieUITests" */;
			buildPhases = (
				884D3E21278B7BEF008E1FAE /* Sources */,
				884D3E22278B7BEF008E1FAE /* Frameworks */,
				884D3E23278B7BEF008E1FAE /* Resources */,
			);
			buildRules = (
			);
			dependencies = (
				884D3E27278B7BEF008E1FAE /* PBXTargetDependency */,
			);
			name = "eggplant-brownieUITests";
			productName = "eggplant-brownieUITests";
			productReference = 884D3E25278B7BEF008E1FAE /* eggplant-brownieUITests.xctest */;
			productType = "com.apple.product-type.bundle.ui-testing";
		};
/* End PBXNativeTarget section */

/* Begin PBXProject section */
		884D3DFE278B7BED008E1FAE /* Project object */ = {
			isa = PBXProject;
			attributes = {
				LastSwiftUpdateCheck = 1010;
				LastUpgradeCheck = 1010;
				ORGANIZATIONNAME = Alura;
				TargetAttributes = {
					884D3E05278B7BED008E1FAE = {
						CreatedOnToolsVersion = 10.1;
					};
					884D3E19278B7BEF008E1FAE = {
						CreatedOnToolsVersion = 10.1;
						TestTargetID = 884D3E05278B7BED008E1FAE;
					};
					884D3E24278B7BEF008E1FAE = {
						CreatedOnToolsVersion = 10.1;
						TestTargetID = 884D3E05278B7BED008E1FAE;
					};
				};
			};
			buildConfigurationList = 884D3E01278B7BED008E1FAE /* Build configuration list for PBXProject "eggplant-brownie" */;
			compatibilityVersion = "Xcode 9.3";
			developmentRegion = en;
			hasScannedForEncodings = 0;
			knownRegions = (
				en,
				Base,
			);
			mainGroup = 884D3DFD278B7BED008E1FAE;
			productRefGroup = 884D3E07278B7BED008E1FAE /* Products */;
			projectDirPath = "";
			projectRoot = "";
			targets = (
				884D3E05278B7BED008E1FAE /* eggplant-brownie */,
				884D3E19278B7BEF008E1FAE /* eggplant-brownieTests */,
				884D3E24278B7BEF008E1FAE /* eggplant-brownieUITests */,
			);
		};
/* End PBXProject section */

/* Begin PBXResourcesBuildPhase section */
		884D3E04278B7BED008E1FAE /* Resources */ = {
			isa = PBXResourcesBuildPhase;
			buildActionMask = 2147483647;
			files = (
				884D3E14278B7BEF008E1FAE /* LaunchScreen.storyboard in Resources */,
				884D3E11278B7BEF008E1FAE /* Assets.xcassets in Resources */,
				884D3E0F278B7BED008E1FAE /* Main.storyboard in Resources */,
			);
			runOnlyForDeploymentPostprocessing = 0;
		};
		884D3E18278B7BEF008E1FAE /* Resources */ = {
			isa = PBXResourcesBuildPhase;
			buildActionMask = 2147483647;
			files = (
			);
			runOnlyForDeploymentPostprocessing = 0;
		};
		884D3E23278B7BEF008E1FAE /* Resources */ = {
			isa = PBXResourcesBuildPhase;
			buildActionMask = 2147483647;
			files = (
			);
			runOnlyForDeploymentPostprocessing = 0;
		};
/* End PBXResourcesBuildPhase section */

/* Begin PBXSourcesBuildPhase section */
		884D3E02278B7BED008E1FAE /* Sources */ = {
			isa = PBXSourcesBuildPhase;
			buildActionMask = 2147483647;
			files = (
				884D3E0C278B7BED008E1FAE /* ViewController.swift in Sources */,
				884D3E0A278B7BED008E1FAE /* AppDelegate.swift in Sources */,
			);
			runOnlyForDeploymentPostprocessing = 0;
		};
		884D3E16278B7BEF008E1FAE /* Sources */ = {
			isa = PBXSourcesBuildPhase;
			buildActionMask = 2147483647;
			files = (
				884D3E1F278B7BEF008E1FAE /* eggplant_brownieTests.swift in Sources */,
			);
			runOnlyForDeploymentPostprocessing = 0;
		};
		884D3E21278B7BEF008E1FAE /* Sources */ = {
			isa = PBXSourcesBuildPhase;
			buildActionMask = 2147483647;
			files = (
				884D3E2A278B7BEF008E1FAE /* eggplant_brownieUITests.swift in Sources */,
			);
			runOnlyForDeploymentPostprocessing = 0;
		};
/* End PBXSourcesBuildPhase section */

/* Begin PBXTargetDependency section */
		884D3E1C278B7BEF008E1FAE /* PBXTargetDependency */ = {
			isa = PBXTargetDependency;
			target = 884D3E05278B7BED008E1FAE /* eggplant-brownie */;
			targetProxy = 884D3E1B278B7BEF008E1FAE /* PBXContainerItemProxy */;
		};
		884D3E27278B7BEF008E1FAE /* PBXTargetDependency */ = {
			isa = PBXTargetDependency;
			target = 884D3E05278B7BED008E1FAE /* eggplant-brownie */;
			targetProxy = 884D3E26278B7BEF008E1FAE /* PBXContainerItemProxy */;
		};
/* End PBXTargetDependency section */

/* Begin PBXVariantGroup section */
		884D3E0D278B7BED008E1FAE /* Main.storyboard */ = {
			isa = PBXVariantGroup;
			children = (
				884D3E0E278B7BED008E1FAE /* Base */,
			);
			name = Main.storyboard;
			sourceTree = "<group>";
		};
		884D3E12278B7BEF008E1FAE /* LaunchScreen.storyboard */ = {
			isa = PBXVariantGroup;
			children = (
				884D3E13278B7BEF008E1FAE /* Base */,
			);
			name = LaunchScreen.storyboard;
			sourceTree = "<group>";
		};
/* End PBXVariantGroup section */

/* Begin XCBuildConfiguration section */
		884D3E2C278B7BEF008E1FAE /* Debug */ = {
			isa = XCBuildConfiguration;
			buildSettings = {
				ALWAYS_SEARCH_USER_PATHS = NO;
				CLANG_ANALYZER_NONNULL = YES;
				CLANG_ANALYZER_NUMBER_OBJECT_CONVERSION = YES_AGGRESSIVE;
				CLANG_CXX_LANGUAGE_STANDARD = "gnu++14";
				CLANG_CXX_LIBRARY = "libc++";
				CLANG_ENABLE_MODULES = YES;
				CLANG_ENABLE_OBJC_ARC = YES;
				CLANG_ENABLE_OBJC_WEAK = YES;
				CLANG_WARN_BLOCK_CAPTURE_AUTORELEASING = YES;
				CLANG_WARN_BOOL_CONVERSION = YES;
				CLANG_WARN_COMMA = YES;
				CLANG_WARN_CONSTANT_CONVERSION = YES;
				CLANG_WARN_DEPRECATED_OBJC_IMPLEMENTATIONS = YES;
				CLANG_WARN_DIRECT_OBJC_ISA_USAGE = YES_ERROR;
				CLANG_WARN_DOCUMENTATION_COMMENTS = YES;
				CLANG_WARN_EMPTY_BODY = YES;
				CLANG_WARN_ENUM_CONVERSION = YES;
				CLANG_WARN_INFINITE_RECURSION = YES;
				CLANG_WARN_INT_CONVERSION = YES;
				CLANG_WARN_NON_LITERAL_NULL_CONVERSION = YES;
				CLANG_WARN_OBJC_IMPLICIT_RETAIN_SELF = YES;
				CLANG_WARN_OBJC_LITERAL_CONVERSION = YES;
				CLANG_WARN_OBJC_ROOT_CLASS = YES_ERROR;
				CLANG_WARN_RANGE_LOOP_ANALYSIS = YES;
				CLANG_WARN_STRICT_PROTOTYPES = YES;
				CLANG_WARN_SUSPICIOUS_MOVE = YES;
				CLANG_WARN_UNGUARDED_AVAILABILITY = YES_AGGRESSIVE;
				CLANG_WARN_UNREACHABLE_CODE = YES;
				CLANG_WARN__DUPLICATE_METHOD_MATCH = YES;
				CODE_SIGN_IDENTITY = "iPhone Developer";
				COPY_PHASE_STRIP = NO;
				DEBUG_INFORMATION_FORMAT = dwarf;
				ENABLE_STRICT_OBJC_MSGSEND = YES;
				ENABLE_TESTABILITY = YES;
				GCC_C_LANGUAGE_STANDARD = gnu11;
				GCC_DYNAMIC_NO_PIC = NO;
				GCC_NO_COMMON_BLOCKS = YES;
				GCC_OPTIMIZATION_LEVEL = 0;
				GCC_PREPROCESSOR_DEFINITIONS = (
					"DEBUG=1",
					"$(inherited)",
				);
				GCC_WARN_64_TO_32_BIT_CONVERSION = YES;
				GCC_WARN_ABOUT_RETURN_TYPE = YES_ERROR;
				GCC_WARN_UNDECLARED_SELECTOR = YES;
				GCC_WARN_UNINITIALIZED_AUTOS = YES_AGGRESSIVE;
				GCC_WARN_UNUSED_FUNCTION = YES;
				GCC_WARN_UNUSED_VARIABLE = YES;
				IPHONEOS_DEPLOYMENT_TARGET = 12.1;
				MTL_ENABLE_DEBUG_INFO = INCLUDE_SOURCE;
				MTL_FAST_MATH = YES;
				ONLY_ACTIVE_ARCH = YES;
				SDKROOT = iphoneos;
				SWIFT_ACTIVE_COMPILATION_CONDITIONS = DEBUG;
				SWIFT_OPTIMIZATION_LEVEL = "-Onone";
			};
			name = Debug;
		};
		884D3E2D278B7BEF008E1FAE /* Release */ = {
			isa = XCBuildConfiguration;
			buildSettings = {
				ALWAYS_SEARCH_USER_PATHS = NO;
				CLANG_ANALYZER_NONNULL = YES;
				CLANG_ANALYZER_NUMBER_OBJECT_CONVERSION = YES_AGGRESSIVE;
				CLANG_CXX_LANGUAGE_STANDARD = "gnu++14";
				CLANG_CXX_LIBRARY = "libc++";
				CLANG_ENABLE_MODULES = YES;
				CLANG_ENABLE_OBJC_ARC = YES;
				CLANG_ENABLE_OBJC_WEAK = YES;
				CLANG_WARN_BLOCK_CAPTURE_AUTORELEASING = YES;
				CLANG_WARN_BOOL_CONVERSION = YES;
				CLANG_WARN_COMMA = YES;
				CLANG_WARN_CONSTANT_CONVERSION = YES;
				CLANG_WARN_DEPRECATED_OBJC_IMPLEMENTATIONS = YES;
				CLANG_WARN_DIRECT_OBJC_ISA_USAGE = YES_ERROR;
				CLANG_WARN_DOCUMENTATION_COMMENTS = YES;
				CLANG_WARN_EMPTY_BODY = YES;
				CLANG_WARN_ENUM_CONVERSION = YES;
				CLANG_WARN_INFINITE_RECURSION = YES;
				CLANG_WARN_INT_CONVERSION = YES;
				CLANG_WARN_NON_LITERAL_NULL_CONVERSION = YES;
				CLANG_WARN_OBJC_IMPLICIT_RETAIN_SELF = YES;
				CLANG_WARN_OBJC_LITERAL_CONVERSION = YES;
				CLANG_WARN_OBJC_ROOT_CLASS = YES_ERROR;
				CLANG_WARN_RANGE_LOOP_ANALYSIS = YES;
				CLANG_WARN_STRICT_PROTOTYPES = YES;
				CLANG_WARN_SUSPICIOUS_MOVE = YES;
				CLANG_WARN_UNGUARDED_AVAILABILITY = YES_AGGRESSIVE;
				CLANG_WARN_UNREACHABLE_CODE = YES;
				CLANG_WARN__DUPLICATE_METHOD_MATCH = YES;
				CODE_SIGN_IDENTITY = "iPhone Developer";
				COPY_PHASE_STRIP = NO;
				DEBUG_INFORMATION_FORMAT = "dwarf-with-dsym";
				ENABLE_NS_ASSERTIONS = NO;
				ENABLE_STRICT_OBJC_MSGSEND = YES;
				GCC_C_LANGUAGE_STANDARD = gnu11;
				GCC_NO_COMMON_BLOCKS = YES;
				GCC_WARN_64_TO_32_BIT_CONVERSION = YES;
				GCC_WARN_ABOUT_RETURN_TYPE = YES_ERROR;
				GCC_WARN_UNDECLARED_SELECTOR = YES;
				GCC_WARN_UNINITIALIZED_AUTOS = YES_AGGRESSIVE;
				GCC_WARN_UNUSED_FUNCTION = YES;
				GCC_WARN_UNUSED_VARIABLE = YES;
				IPHONEOS_DEPLOYMENT_TARGET = 12.1;
				MTL_ENABLE_DEBUG_INFO = NO;
				MTL_FAST_MATH = YES;
				SDKROOT = iphoneos;
				SWIFT_COMPILATION_MODE = wholemodule;
				SWIFT_OPTIMIZATION_LEVEL = "-O";
				VALIDATE_PRODUCT = YES;
			};
			name = Release;
		};
		884D3E2F278B7BEF008E1FAE /* Debug */ = {
			isa = XCBuildConfiguration;
			buildSettings = {
				ASSETCATALOG_COMPILER_APPICON_NAME = AppIcon;
				CODE_SIGN_STYLE = Automatic;
				INFOPLIST_FILE = "eggplant-brownie/Info.plist";
				LD_RUNPATH_SEARCH_PATHS = (
					"$(inherited)",
					"@executable_path/Frameworks",
				);
				PRODUCT_BUNDLE_IDENTIFIER = "br.com.alura.eggplant-brownie";
				PRODUCT_NAME = "$(TARGET_NAME)";
				SWIFT_VERSION = 4.2;
				TARGETED_DEVICE_FAMILY = "1,2";
			};
			name = Debug;
		};
		884D3E30278B7BEF008E1FAE /* Release */ = {
			isa = XCBuildConfiguration;
			buildSettings = {
				ASSETCATALOG_COMPILER_APPICON_NAME = AppIcon;
				CODE_SIGN_STYLE = Automatic;
				INFOPLIST_FILE = "eggplant-brownie/Info.plist";
				LD_RUNPATH_SEARCH_PATHS = (
					"$(inherited)",
					"@executable_path/Frameworks",
				);
				PRODUCT_BUNDLE_IDENTIFIER = "br.com.alura.eggplant-brownie";
				PRODUCT_NAME = "$(TARGET_NAME)";
				SWIFT_VERSION = 4.2;
				TARGETED_DEVICE_FAMILY = "1,2";
			};
			name = Release;
		};
		884D3E32278B7BEF008E1FAE /* Debug */ = {
			isa = XCBuildConfiguration;
			buildSettings = {
				ALWAYS_EMBED_SWIFT_STANDARD_LIBRARIES = YES;
				BUNDLE_LOADER = "$(TEST_HOST)";
				CODE_SIGN_STYLE = Automatic;
				INFOPLIST_FILE = "eggplant-brownieTests/Info.plist";
				LD_RUNPATH_SEARCH_PATHS = (
					"$(inherited)",
					"@executable_path/Frameworks",
					"@loader_path/Frameworks",
				);
				PRODUCT_BUNDLE_IDENTIFIER = "br.com.alura.eggplant-brownieTests";
				PRODUCT_NAME = "$(TARGET_NAME)";
				SWIFT_VERSION = 4.2;
				TARGETED_DEVICE_FAMILY = "1,2";
				TEST_HOST = "$(BUILT_PRODUCTS_DIR)/eggplant-brownie.app/eggplant-brownie";
			};
			name = Debug;
		};
		884D3E33278B7BEF008E1FAE /* Release */ = {
			isa = XCBuildConfiguration;
			buildSettings = {
				ALWAYS_EMBED_SWIFT_STANDARD_LIBRARIES = YES;
				BUNDLE_LOADER = "$(TEST_HOST)";
				CODE_SIGN_STYLE = Automatic;
				INFOPLIST_FILE = "eggplant-brownieTests/Info.plist";
				LD_RUNPATH_SEARCH_PATHS = (
					"$(inherited)",
					"@executable_path/Frameworks",
					"@loader_path/Frameworks",
				);
				PRODUCT_BUNDLE_IDENTIFIER = "br.com.alura.eggplant-brownieTests";
				PRODUCT_NAME = "$(TARGET_NAME)";
				SWIFT_VERSION = 4.2;
				TARGETED_DEVICE_FAMILY = "1,2";
				TEST_HOST = "$(BUILT_PRODUCTS_DIR)/eggplant-brownie.app/eggplant-brownie";
			};
			name = Release;
		};
		884D3E35278B7BEF008E1FAE /* Debug */ = {
			isa = XCBuildConfiguration;
			buildSettings = {
				ALWAYS_EMBED_SWIFT_STANDARD_LIBRARIES = YES;
				CODE_SIGN_STYLE = Automatic;
				INFOPLIST_FILE = "eggplant-brownieUITests/Info.plist";
				LD_RUNPATH_SEARCH_PATHS = (
					"$(inherited)",
					"@executable_path/Frameworks",
					"@loader_path/Frameworks",
				);
				PRODUCT_BUNDLE_IDENTIFIER = "br.com.alura.eggplant-brownieUITests";
				PRODUCT_NAME = "$(TARGET_NAME)";
				SWIFT_VERSION = 4.2;
				TARGETED_DEVICE_FAMILY = "1,2";
				TEST_TARGET_NAME = "eggplant-brownie";
			};
			name = Debug;
		};
		884D3E36278B7BEF008E1FAE /* Release */ = {
			isa = XCBuildConfiguration;
			buildSettings = {
				ALWAYS_EMBED_SWIFT_STANDARD_LIBRARIES = YES;
				CODE_SIGN_STYLE = Automatic;
				INFOPLIST_FILE = "eggplant-brownieUITests/Info.plist";
				LD_RUNPATH_SEARCH_PATHS = (
					"$(inherited)",
					"@executable_path/Frameworks",
					"@loader_path/Frameworks",
				);
				PRODUCT_BUNDLE_IDENTIFIER = "br.com.alura.eggplant-brownieUITests";
				PRODUCT_NAME = "$(TARGET_NAME)";
				SWIFT_VERSION = 4.2;
				TARGETED_DEVICE_FAMILY = "1,2";
				TEST_TARGET_NAME = "eggplant-brownie";
			};
			name = Release;
		};
/* End XCBuildConfiguration section */

/* Begin XCConfigurationList section */
		884D3E01278B7BED008E1FAE /* Build configuration list for PBXProject "eggplant-brownie" */ = {
			isa = XCConfigurationList;
			buildConfigurations = (
				884D3E2C278B7BEF008E1FAE /* Debug */,
				884D3E2D278B7BEF008E1FAE /* Release */,
			);
			defaultConfigurationIsVisible = 0;
			defaultConfigurationName = Release;
		};
		884D3E2E278B7BEF008E1FAE /* Build configuration list for PBXNativeTarget "eggplant-brownie" */ = {
			isa = XCConfigurationList;
			buildConfigurations = (
				884D3E2F278B7BEF008E1FAE /* Debug */,
				884D3E30278B7BEF008E1FAE /* Release */,
			);
			defaultConfigurationIsVisible = 0;
			defaultConfigurationName = Release;
		};
		884D3E31278B7BEF008E1FAE /* Build configuration list for PBXNativeTarget "eggplant-brownieTests" */ = {
			isa = XCConfigurationList;
			buildConfigurations = (
				884D3E32278B7BEF008E1FAE /* Debug */,
				884D3E33278B7BEF008E1FAE /* Release */,
			);
			defaultConfigurationIsVisible = 0;
			defaultConfigurationName = Release;
		};
		884D3E34278B7BEF008E1FAE /* Build configuration list for PBXNativeTarget "eggplant-brownieUITests" */ = {
			isa = XCConfigurationList;
			buildConfigurations = (
				884D3E35278B7BEF008E1FAE /* Debug */,
				884D3E36278B7BEF008E1FAE /* Release */,
			);
			defaultConfigurationIsVisible = 0;
			defaultConfigurationName = Release;
		};
/* End XCConfigurationList section */
	};
	rootObject = 884D3DFE278B7BED008E1FAE /* Project object */;
}
